
Microsoft Visual Studio Solution File, Format Version 12.00
# Visual Studio 2012
Project("{FAE04EC0-301F-11D3-BF4B-00C04F79EFBC}") = "MediaCatalogue_API", "MediaCatalogue_API\MediaCatalogue_API.csproj", "{45E0B950-C6C0-497E-944E-D93E2792C6AE}"
EndProject
Project("{FAE04EC0-301F-11D3-BF4B-00C04F79EFBC}") = "MediaCatalogue_UI", "MediaCatalogue_UI\MediaCatalogue_UI.csproj", "{98214C9F-A2F7-4778-B0B4-88372697D318}"
EndProject
Project("{2150E333-8FDC-42A3-9474-1A3956D46DE8}") = "Tests", "Tests", "{BB1EA7EC-1063-4B5F-B690-F8E23B7D6398}"
EndProject
Project("{FAE04EC0-301F-11D3-BF4B-00C04F79EFBC}") = "MediaCatalogue_API.Tests", "MediaCatalogue_API.Tests\MediaCatalogue_API.Tests.csproj", "{028F241E-79A4-439D-8644-543A4A7C826A}"
EndProject
Global
	GlobalSection(SolutionConfigurationPlatforms) = preSolution
		Debug|Any CPU = Debug|Any CPU
		Release|Any CPU = Release|Any CPU
	EndGlobalSection
	GlobalSection(ProjectConfigurationPlatforms) = postSolution
		{45E0B950-C6C0-497E-944E-D93E2792C6AE}.Debug|Any CPU.ActiveCfg = Debug|Any CPU
		{45E0B950-C6C0-497E-944E-D93E2792C6AE}.Debug|Any CPU.Build.0 = Debug|Any CPU
		{45E0B950-C6C0-497E-944E-D93E2792C6AE}.Release|Any CPU.ActiveCfg = Release|Any CPU
		{45E0B950-C6C0-497E-944E-D93E2792C6AE}.Release|Any CPU.Build.0 = Release|Any CPU
		{98214C9F-A2F7-4778-B0B4-88372697D318}.Debug|Any CPU.ActiveCfg = Debug|Any CPU
		{98214C9F-A2F7-4778-B0B4-88372697D318}.Debug|Any CPU.Build.0 = Debug|Any CPU
		{98214C9F-A2F7-4778-B0B4-88372697D318}.Release|Any CPU.ActiveCfg = Release|Any CPU
		{98214C9F-A2F7-4778-B0B4-88372697D318}.Release|Any CPU.Build.0 = Release|Any CPU
		{028F241E-79A4-439D-8644-543A4A7C826A}.Debug|Any CPU.ActiveCfg = Debug|Any CPU
		{028F241E-79A4-439D-8644-543A4A7C826A}.Debug|Any CPU.Build.0 = Debug|Any CPU
		{028F241E-79A4-439D-8644-543A4A7C826A}.Release|Any CPU.ActiveCfg = Release|Any CPU
		{028F241E-79A4-439D-8644-543A4A7C826A}.Release|Any CPU.Build.0 = Release|Any CPU
	EndGlobalSection
	GlobalSection(SolutionProperties) = preSolution
		HideSolutionNode = FALSE
	EndGlobalSection
	GlobalSection(NestedProjects) = preSolution
		{028F241E-79A4-439D-8644-543A4A7C826A} = {BB1EA7EC-1063-4B5F-B690-F8E23B7D6398}
	EndGlobalSection
EndGlobal
